
Microsoft Visual Studio Solution File, Format Version 12.00
# Visual Studio 15
VisualStudioVersion = 15.0.27130.2024
MinimumVisualStudioVersion = 10.0.40219.1
Project("{9A19103F-16F7-4668-BE54-9A1E7A4F7556}") = "SmartHouse.Server.Web", "Server\SmartHouse.Server.Web\SmartHouse.Server.Web.csproj", "{1A03FAA6-06FD-48BD-BBFE-8C03046A49DC}"
EndProject
Project("{FAE04EC0-301F-11D3-BF4B-00C04F79EFBC}") = "SmartHouse.Server.Common", "Server\SmartHouse.Server.Common\SmartHouse.Server.Common.csproj", "{59B4DB1D-0A11-451F-A8F6-34D67C2587D0}"
EndProject
Project("{FAE04EC0-301F-11D3-BF4B-00C04F79EFBC}") = "SmartHouse.Server.Data", "Server\SmartHouse.Server.Data\SmartHouse.Server.Data.csproj", "{8065DECF-EF07-4387-97D7-E7A9228A6C22}"
EndProject
Project("{FAE04EC0-301F-11D3-BF4B-00C04F79EFBC}") = "SmartHouse.Server.Core", "Server\SmartHouse.Server.Core\SmartHouse.Server.Core.csproj", "{FADE1FAB-5A83-4CB5-8922-9EC6F70F673A}"
EndProject
Global
	GlobalSection(SolutionConfigurationPlatforms) = preSolution
		Debug|Any CPU = Debug|Any CPU
		Release|Any CPU = Release|Any CPU
	EndGlobalSection
	GlobalSection(ProjectConfigurationPlatforms) = postSolution
		{1A03FAA6-06FD-48BD-BBFE-8C03046A49DC}.Debug|Any CPU.ActiveCfg = Debug|Any CPU
		{1A03FAA6-06FD-48BD-BBFE-8C03046A49DC}.Debug|Any CPU.Build.0 = Debug|Any CPU
		{1A03FAA6-06FD-48BD-BBFE-8C03046A49DC}.Release|Any CPU.ActiveCfg = Release|Any CPU
		{1A03FAA6-06FD-48BD-BBFE-8C03046A49DC}.Release|Any CPU.Build.0 = Release|Any CPU
		{59B4DB1D-0A11-451F-A8F6-34D67C2587D0}.Debug|Any CPU.ActiveCfg = Debug|Any CPU
		{59B4DB1D-0A11-451F-A8F6-34D67C2587D0}.Debug|Any CPU.Build.0 = Debug|Any CPU
		{59B4DB1D-0A11-451F-A8F6-34D67C2587D0}.Release|Any CPU.ActiveCfg = Release|Any CPU
		{59B4DB1D-0A11-451F-A8F6-34D67C2587D0}.Release|Any CPU.Build.0 = Release|Any CPU
		{8065DECF-EF07-4387-97D7-E7A9228A6C22}.Debug|Any CPU.ActiveCfg = Debug|Any CPU
		{8065DECF-EF07-4387-97D7-E7A9228A6C22}.Debug|Any CPU.Build.0 = Debug|Any CPU
		{8065DECF-EF07-4387-97D7-E7A9228A6C22}.Release|Any CPU.ActiveCfg = Release|Any CPU
		{8065DECF-EF07-4387-97D7-E7A9228A6C22}.Release|Any CPU.Build.0 = Release|Any CPU
		{FADE1FAB-5A83-4CB5-8922-9EC6F70F673A}.Debug|Any CPU.ActiveCfg = Debug|Any CPU
		{FADE1FAB-5A83-4CB5-8922-9EC6F70F673A}.Debug|Any CPU.Build.0 = Debug|Any CPU
		{FADE1FAB-5A83-4CB5-8922-9EC6F70F673A}.Release|Any CPU.ActiveCfg = Release|Any CPU
		{FADE1FAB-5A83-4CB5-8922-9EC6F70F673A}.Release|Any CPU.Build.0 = Release|Any CPU
	EndGlobalSection
	GlobalSection(SolutionProperties) = preSolution
		HideSolutionNode = FALSE
	EndGlobalSection
	GlobalSection(ExtensibilityGlobals) = postSolution
		SolutionGuid = {1D56C130-3539-4768-B3C0-47A85921C5A8}
	EndGlobalSection
EndGlobal
