
Microsoft Visual Studio Solution File, Format Version 12.00
# Visual Studio 15
VisualStudioVersion = 15.0.27130.2024
MinimumVisualStudioVersion = 10.0.40219.1
Project("{8BC9CEB8-8B4A-11D0-8D11-00A0C91BC942}") = "HelloServer", "D:\Users\m\Documents\Arduino\My Examples\131613590495187094\HelloServer\HelloServer.vcxproj", "{C5F80730-F44F-4478-BDAE-6634EFC2CA88}"
EndProject
Project("{8BC9CEB8-8B4A-11D0-8D11-00A0C91BC942}") = "BasicHttpClient", "D:\Users\m\Documents\Arduino\My Examples\131613605402053072\BasicHttpClient\BasicHttpClient.vcxproj", "{5BD3B143-C347-4BB1-A5F1-3F0AA91641D1}"
EndProject
Project("{8BC9CEB8-8B4A-11D0-8D11-00A0C91BC942}") = "SHMicroNodeMcu", "Micro\SHMicroNodeMcu\SHMicroNodeMcu.vcxproj", "{2117ED7E-58AD-4EE0-81CE-B31C21D06EB7}"
EndProject
Project("{2150E333-8FDC-42A3-9474-1A3956D46DE8}") = "AAsample", "AAsample", "{2D0D8EFB-C1DC-4682-BF23-947A0300D5AD}"
EndProject
Project("{8BC9CEB8-8B4A-11D0-8D11-00A0C91BC942}") = "arduinoWebSockets-master", "D:\Users\m\Documents\Arduino\libraries\arduinoWebSockets-master\arduinoWebSockets-master.vcxitems", "{0A30F404-6432-4A7D-9F62-8AC4F2CFC214}"
EndProject
Project("{8BC9CEB8-8B4A-11D0-8D11-00A0C91BC942}") = "Sketch1", "Sketch1\Sketch1.vcxproj", "{20710B20-1351-4C20-8D74-26461739250B}"
EndProject
Global
	GlobalSection(SolutionConfigurationPlatforms) = preSolution
		Debug|x86 = Debug|x86
		Release|x86 = Release|x86
	EndGlobalSection
	GlobalSection(ProjectConfigurationPlatforms) = postSolution
		{C5F80730-F44F-4478-BDAE-6634EFC2CA88}.Debug|x86.ActiveCfg = Debug|Win32
		{C5F80730-F44F-4478-BDAE-6634EFC2CA88}.Debug|x86.Build.0 = Debug|Win32
		{C5F80730-F44F-4478-BDAE-6634EFC2CA88}.Release|x86.ActiveCfg = Release|Win32
		{C5F80730-F44F-4478-BDAE-6634EFC2CA88}.Release|x86.Build.0 = Release|Win32
		{5BD3B143-C347-4BB1-A5F1-3F0AA91641D1}.Debug|x86.ActiveCfg = Debug|Win32
		{5BD3B143-C347-4BB1-A5F1-3F0AA91641D1}.Debug|x86.Build.0 = Debug|Win32
		{5BD3B143-C347-4BB1-A5F1-3F0AA91641D1}.Release|x86.ActiveCfg = Release|Win32
		{5BD3B143-C347-4BB1-A5F1-3F0AA91641D1}.Release|x86.Build.0 = Release|Win32
		{2117ED7E-58AD-4EE0-81CE-B31C21D06EB7}.Debug|x86.ActiveCfg = Debug|Win32
		{2117ED7E-58AD-4EE0-81CE-B31C21D06EB7}.Debug|x86.Build.0 = Debug|Win32
		{2117ED7E-58AD-4EE0-81CE-B31C21D06EB7}.Release|x86.ActiveCfg = Release|Win32
		{2117ED7E-58AD-4EE0-81CE-B31C21D06EB7}.Release|x86.Build.0 = Release|Win32
		{20710B20-1351-4C20-8D74-26461739250B}.Debug|x86.ActiveCfg = Debug|Win32
		{20710B20-1351-4C20-8D74-26461739250B}.Debug|x86.Build.0 = Debug|Win32
		{20710B20-1351-4C20-8D74-26461739250B}.Release|x86.ActiveCfg = Release|Win32
		{20710B20-1351-4C20-8D74-26461739250B}.Release|x86.Build.0 = Release|Win32
	EndGlobalSection
	GlobalSection(SolutionProperties) = preSolution
		HideSolutionNode = FALSE
	EndGlobalSection
	GlobalSection(NestedProjects) = preSolution
		{C5F80730-F44F-4478-BDAE-6634EFC2CA88} = {2D0D8EFB-C1DC-4682-BF23-947A0300D5AD}
		{5BD3B143-C347-4BB1-A5F1-3F0AA91641D1} = {2D0D8EFB-C1DC-4682-BF23-947A0300D5AD}
	EndGlobalSection
	GlobalSection(ExtensibilityGlobals) = postSolution
		SolutionGuid = {6A2A389C-3A13-4651-A1A7-3C12CA7F02CA}
	EndGlobalSection
EndGlobal
